
Microsoft Visual Studio Solution File, Format Version 12.00
# Visual Studio Version 17
VisualStudioVersion = 17.8.34330.188
MinimumVisualStudioVersion = 10.0.40219.1
Project("{FAE04EC0-301F-11D3-BF4B-00C04F79EFBC}") = "P_DotNetCoreApi", "P_DotNetCoreApi.csproj", "{0A1FB7D0-16BD-4C1A-A0CF-37FC9B53AB6E}"
EndProject
Project("{FAE04EC0-301F-11D3-BF4B-00C04F79EFBC}") = "P_DotNetCoreApi_DAL", "..\P_DotNetCoreApi_DAL\P_DotNetCoreApi_DAL.csproj", "{1A0EA8CE-B41B-4AEC-A679-A0FF0958A3DE}"
EndProject
Project("{FAE04EC0-301F-11D3-BF4B-00C04F79EFBC}") = "P_DotNetCoreApi_BAL", "..\P_DotNetCoreApi_BAL\P_DotNetCoreApi_BAL.csproj", "{7A6614B7-C3FD-45A0-B3E6-B3547DC2AA99}"
EndProject
Global
	GlobalSection(SolutionConfigurationPlatforms) = preSolution
		Debug|Any CPU = Debug|Any CPU
		Release|Any CPU = Release|Any CPU
	EndGlobalSection
	GlobalSection(ProjectConfigurationPlatforms) = postSolution
		{0A1FB7D0-16BD-4C1A-A0CF-37FC9B53AB6E}.Debug|Any CPU.ActiveCfg = Debug|Any CPU
		{0A1FB7D0-16BD-4C1A-A0CF-37FC9B53AB6E}.Debug|Any CPU.Build.0 = Debug|Any CPU
		{0A1FB7D0-16BD-4C1A-A0CF-37FC9B53AB6E}.Release|Any CPU.ActiveCfg = Release|Any CPU
		{0A1FB7D0-16BD-4C1A-A0CF-37FC9B53AB6E}.Release|Any CPU.Build.0 = Release|Any CPU
		{1A0EA8CE-B41B-4AEC-A679-A0FF0958A3DE}.Debug|Any CPU.ActiveCfg = Debug|Any CPU
		{1A0EA8CE-B41B-4AEC-A679-A0FF0958A3DE}.Debug|Any CPU.Build.0 = Debug|Any CPU
		{1A0EA8CE-B41B-4AEC-A679-A0FF0958A3DE}.Release|Any CPU.ActiveCfg = Release|Any CPU
		{1A0EA8CE-B41B-4AEC-A679-A0FF0958A3DE}.Release|Any CPU.Build.0 = Release|Any CPU
		{7A6614B7-C3FD-45A0-B3E6-B3547DC2AA99}.Debug|Any CPU.ActiveCfg = Debug|Any CPU
		{7A6614B7-C3FD-45A0-B3E6-B3547DC2AA99}.Debug|Any CPU.Build.0 = Debug|Any CPU
		{7A6614B7-C3FD-45A0-B3E6-B3547DC2AA99}.Release|Any CPU.ActiveCfg = Release|Any CPU
		{7A6614B7-C3FD-45A0-B3E6-B3547DC2AA99}.Release|Any CPU.Build.0 = Release|Any CPU
	EndGlobalSection
	GlobalSection(SolutionProperties) = preSolution
		HideSolutionNode = FALSE
	EndGlobalSection
	GlobalSection(ExtensibilityGlobals) = postSolution
		SolutionGuid = {6227D984-32C5-464F-99AA-CB3E1273CB36}
	EndGlobalSection
EndGlobal
